
Microsoft Visual Studio Solution File, Format Version 12.00
# Visual Studio Version 17
VisualStudioVersion = 17.9.34622.214
MinimumVisualStudioVersion = 10.0.40219.1
Project("{F184B08F-C81C-45F6-A57F-5ABD9991F28F}") = "VentaAutos", "VentaAutos\VentaAutos.vbproj", "{CE9142B1-3780-4BD0-AF2F-30D78B88E16B}"
EndProject
Global
	GlobalSection(SolutionConfigurationPlatforms) = preSolution
		Debug|Any CPU = Debug|Any CPU
		Release|Any CPU = Release|Any CPU
	EndGlobalSection
	GlobalSection(ProjectConfigurationPlatforms) = postSolution
		{CE9142B1-3780-4BD0-AF2F-30D78B88E16B}.Debug|Any CPU.ActiveCfg = Debug|Any CPU
		{CE9142B1-3780-4BD0-AF2F-30D78B88E16B}.Debug|Any CPU.Build.0 = Debug|Any CPU
		{CE9142B1-3780-4BD0-AF2F-30D78B88E16B}.Release|Any CPU.ActiveCfg = Release|Any CPU
		{CE9142B1-3780-4BD0-AF2F-30D78B88E16B}.Release|Any CPU.Build.0 = Release|Any CPU
	EndGlobalSection
	GlobalSection(SolutionProperties) = preSolution
		HideSolutionNode = FALSE
	EndGlobalSection
	GlobalSection(ExtensibilityGlobals) = postSolution
		SolutionGuid = {6283FE13-FFDA-40C4-8680-498D2F469244}
	EndGlobalSection
EndGlobal
